// !$*UTF8*$!
{
	archiveVersion = 1;
	classes = {
	};
	objectVersion = 45;
	objects = {

/* Begin PBXBuildFile section */
		1D3623260D0F684500981E51 /* MoveAppDelegate.m in Sources */ = {isa = PBXBuildFile; fileRef = 1D3623250D0F684500981E51 /* MoveAppDelegate.m */; };
		1D60589B0D05DD56006BFB54 /* main.m in Sources */ = {isa = PBXBuildFile; fileRef = 29B97316FDCFA39411CA2CEA /* main.m */; };
		1D60589F0D05DD5A006BFB54 /* Foundation.framework in Frameworks */ = {isa = PBXBuildFile; fileRef = 1D30AB110D05D00D00671497 /* Foundation.framework */; };
		1DF5F4E00D08C38300B7A737 /* UIKit.framework in Frameworks */ = {isa = PBXBuildFile; fileRef = 1DF5F4DF0D08C38300B7A737 /* UIKit.framework */; };
		288765FD0DF74451002DB57D /* CoreGraphics.framework in Frameworks */ = {isa = PBXBuildFile; fileRef = 288765FC0DF74451002DB57D /* CoreGraphics.framework */; };
		28AD733F0D9D9553002E5188 /* MainWindow.xib in Resources */ = {isa = PBXBuildFile; fileRef = 28AD733E0D9D9553002E5188 /* MainWindow.xib */; };
		A50FDBB50FA43BE9002F3F96 /* 29.level in Resources */ = {isa = PBXBuildFile; fileRef = A50FDBB40FA43BE9002F3F96 /* 29.level */; };
		A50FDBF80FA46AD2002F3F96 /* 30.level in Resources */ = {isa = PBXBuildFile; fileRef = A50FDBF70FA46AD2002F3F96 /* 30.level */; };
		A548C0240F984BCE005B1227 /* 19.level in Resources */ = {isa = PBXBuildFile; fileRef = A548C0230F984BCE005B1227 /* 19.level */; };
		A548C0300F984C26005B1227 /* Level.png in Resources */ = {isa = PBXBuildFile; fileRef = A548C02F0F984C26005B1227 /* Level.png */; };
		A548C05E0F985759005B1227 /* Number0.png in Resources */ = {isa = PBXBuildFile; fileRef = A548C0540F985759005B1227 /* Number0.png */; };
		A548C05F0F985759005B1227 /* Number1.png in Resources */ = {isa = PBXBuildFile; fileRef = A548C0550F985759005B1227 /* Number1.png */; };
		A548C0600F985759005B1227 /* Number2.png in Resources */ = {isa = PBXBuildFile; fileRef = A548C0560F985759005B1227 /* Number2.png */; };
		A548C0610F985759005B1227 /* Number3.png in Resources */ = {isa = PBXBuildFile; fileRef = A548C0570F985759005B1227 /* Number3.png */; };
		A548C0620F985759005B1227 /* Number4.png in Resources */ = {isa = PBXBuildFile; fileRef = A548C0580F985759005B1227 /* Number4.png */; };
		A548C0640F985759005B1227 /* Number6.png in Resources */ = {isa = PBXBuildFile; fileRef = A548C05A0F985759005B1227 /* Number6.png */; };
		A548C0650F985759005B1227 /* Number7.png in Resources */ = {isa = PBXBuildFile; fileRef = A548C05B0F985759005B1227 /* Number7.png */; };
		A548C0660F985759005B1227 /* Number8.png in Resources */ = {isa = PBXBuildFile; fileRef = A548C05C0F985759005B1227 /* Number8.png */; };
		A548C0670F985759005B1227 /* Number9.png in Resources */ = {isa = PBXBuildFile; fileRef = A548C05D0F985759005B1227 /* Number9.png */; };
		A548C0D50F985F05005B1227 /* 10.png in Resources */ = {isa = PBXBuildFile; fileRef = A548C0C80F985F05005B1227 /* 10.png */; };
		A548C0D60F985F05005B1227 /* 11.png in Resources */ = {isa = PBXBuildFile; fileRef = A548C0C90F985F05005B1227 /* 11.png */; };
		A548C0D70F985F05005B1227 /* 12.png in Resources */ = {isa = PBXBuildFile; fileRef = A548C0CA0F985F05005B1227 /* 12.png */; };
		A548C0D80F985F05005B1227 /* 13.png in Resources */ = {isa = PBXBuildFile; fileRef = A548C0CB0F985F05005B1227 /* 13.png */; };
		A548C0D90F985F05005B1227 /* 14.png in Resources */ = {isa = PBXBuildFile; fileRef = A548C0CC0F985F05005B1227 /* 14.png */; };
		A548C0DA0F985F05005B1227 /* 20.png in Resources */ = {isa = PBXBuildFile; fileRef = A548C0CD0F985F05005B1227 /* 20.png */; };
		A548C0DB0F985F05005B1227 /* 21.png in Resources */ = {isa = PBXBuildFile; fileRef = A548C0CE0F985F05005B1227 /* 21.png */; };
		A548C0DC0F985F05005B1227 /* 22.png in Resources */ = {isa = PBXBuildFile; fileRef = A548C0CF0F985F05005B1227 /* 22.png */; };
		A548C0DD0F985F05005B1227 /* 23.png in Resources */ = {isa = PBXBuildFile; fileRef = A548C0D00F985F05005B1227 /* 23.png */; };
		A548C0DE0F985F05005B1227 /* 30.png in Resources */ = {isa = PBXBuildFile; fileRef = A548C0D10F985F05005B1227 /* 30.png */; };
		A548C0DF0F985F05005B1227 /* 31.png in Resources */ = {isa = PBXBuildFile; fileRef = A548C0D20F985F05005B1227 /* 31.png */; };
		A548C0E00F985F05005B1227 /* 32.png in Resources */ = {isa = PBXBuildFile; fileRef = A548C0D30F985F05005B1227 /* 32.png */; };
		A548C0F20F9862D9005B1227 /* 40.png in Resources */ = {isa = PBXBuildFile; fileRef = A548C0ED0F9862D9005B1227 /* 40.png */; };
		A548C0F30F9862D9005B1227 /* 42.png in Resources */ = {isa = PBXBuildFile; fileRef = A548C0EE0F9862D9005B1227 /* 42.png */; };
		A548C0F40F9862D9005B1227 /* 43.png in Resources */ = {isa = PBXBuildFile; fileRef = A548C0EF0F9862D9005B1227 /* 43.png */; };
		A548C0F50F9862D9005B1227 /* 44.png in Resources */ = {isa = PBXBuildFile; fileRef = A548C0F00F9862D9005B1227 /* 44.png */; };
		A548C0F60F9862D9005B1227 /* 41.png in Resources */ = {isa = PBXBuildFile; fileRef = A548C0F10F9862D9005B1227 /* 41.png */; };
		A548C1650F986585005B1227 /* Number5.png in Resources */ = {isa = PBXBuildFile; fileRef = A548C1640F986585005B1227 /* Number5.png */; };
		A548C1B80F988650005B1227 /* 20.level in Resources */ = {isa = PBXBuildFile; fileRef = A548C1B70F988650005B1227 /* 20.level */; };
		A5550F0C0F96439400028615 /* Start.png in Resources */ = {isa = PBXBuildFile; fileRef = A5550F0B0F96439400028615 /* Start.png */; };
		A5550F0F0F96447500028615 /* Next.png in Resources */ = {isa = PBXBuildFile; fileRef = A5550F0D0F96447500028615 /* Next.png */; };
		A5550F100F96447500028615 /* Previous.png in Resources */ = {isa = PBXBuildFile; fileRef = A5550F0E0F96447500028615 /* Previous.png */; };
		A55976450F906BDD000335AA /* 1.level in Resources */ = {isa = PBXBuildFile; fileRef = A55976440F906BDD000335AA /* 1.level */; };
		A559772F0F90B32D000335AA /* 2.level in Resources */ = {isa = PBXBuildFile; fileRef = A559772E0F90B32D000335AA /* 2.level */; };
		A559782B0F90CAEA000335AA /* 3.level in Resources */ = {isa = PBXBuildFile; fileRef = A55978280F90CAEA000335AA /* 3.level */; };
		A559782C0F90CAEA000335AA /* 4.level in Resources */ = {isa = PBXBuildFile; fileRef = A55978290F90CAEA000335AA /* 4.level */; };
		A559782D0F90CAEA000335AA /* 5.level in Resources */ = {isa = PBXBuildFile; fileRef = A559782A0F90CAEA000335AA /* 5.level */; };
		A55978430F90D259000335AA /* CFC_0040.wav in Resources */ = {isa = PBXBuildFile; fileRef = A559783E0F90D259000335AA /* CFC_0040.wav */; };
		A55978440F90D259000335AA /* CFC_0619.wav in Resources */ = {isa = PBXBuildFile; fileRef = A559783F0F90D259000335AA /* CFC_0619.wav */; };
		A55978450F90D259000335AA /* CFC_0882.wav in Resources */ = {isa = PBXBuildFile; fileRef = A55978400F90D259000335AA /* CFC_0882.wav */; };
		A55978560F90D332000335AA /* AudioToolbox.framework in Frameworks */ = {isa = PBXBuildFile; fileRef = A55978550F90D332000335AA /* AudioToolbox.framework */; };
		A55978820F90D3BF000335AA /* SoundEffect.m in Sources */ = {isa = PBXBuildFile; fileRef = A55978810F90D3BF000335AA /* SoundEffect.m */; };
		A55978D30F90DFB3000335AA /* 6.level in Resources */ = {isa = PBXBuildFile; fileRef = A55978D00F90DFB3000335AA /* 6.level */; };
		A55978D40F90DFB3000335AA /* 7.level in Resources */ = {isa = PBXBuildFile; fileRef = A55978D10F90DFB3000335AA /* 7.level */; };
		A55978D50F90DFB3000335AA /* 8.level in Resources */ = {isa = PBXBuildFile; fileRef = A55978D20F90DFB3000335AA /* 8.level */; };
		A55978FE0F910C1B000335AA /* 9.level in Resources */ = {isa = PBXBuildFile; fileRef = A55978F80F910C1B000335AA /* 9.level */; };
		A55978FF0F910C1B000335AA /* 10.level in Resources */ = {isa = PBXBuildFile; fileRef = A55978F90F910C1B000335AA /* 10.level */; };
		A55979000F910C1B000335AA /* 11.level in Resources */ = {isa = PBXBuildFile; fileRef = A55978FA0F910C1B000335AA /* 11.level */; };
		A55979010F910C1B000335AA /* 12.level in Resources */ = {isa = PBXBuildFile; fileRef = A55978FB0F910C1B000335AA /* 12.level */; };
		A55979020F910C1B000335AA /* 13.level in Resources */ = {isa = PBXBuildFile; fileRef = A55978FC0F910C1B000335AA /* 13.level */; };
		A55979030F910C1B000335AA /* 14.level in Resources */ = {isa = PBXBuildFile; fileRef = A55978FD0F910C1B000335AA /* 14.level */; };
		A55979140F9113E6000335AA /* 15.level in Resources */ = {isa = PBXBuildFile; fileRef = A55979130F9113E6000335AA /* 15.level */; };
		A559797E0F91BB53000335AA /* Background.png in Resources */ = {isa = PBXBuildFile; fileRef = A559797D0F91BB53000335AA /* Background.png */; };
		A5597C050F923E92000335AA /* GameView.xib in Resources */ = {isa = PBXBuildFile; fileRef = A5597C040F923E92000335AA /* GameView.xib */; };
		A5597C090F923EAC000335AA /* GameController.m in Sources */ = {isa = PBXBuildFile; fileRef = A5597C080F923EAC000335AA /* GameController.m */; };
		A5597CC30F924A5E000335AA /* Titlescreen.png in Resources */ = {isa = PBXBuildFile; fileRef = A5597CC20F924A5E000335AA /* Titlescreen.png */; };
		A581A1D90F989C3300CA0316 /* Entitlements.plist in Resources */ = {isa = PBXBuildFile; fileRef = A581A1D80F989C3300CA0316 /* Entitlements.plist */; };
		A581A4440F9B633700CA0316 /* 21.level in Resources */ = {isa = PBXBuildFile; fileRef = A581A4430F9B633700CA0316 /* 21.level */; };
		A581A4670F9B858600CA0316 /* 22.level in Resources */ = {isa = PBXBuildFile; fileRef = A581A4660F9B858600CA0316 /* 22.level */; };
		A581A4910F9B887300CA0316 /* 23.level in Resources */ = {isa = PBXBuildFile; fileRef = A581A4900F9B887300CA0316 /* 23.level */; };
		A581A4A40F9B8E7B00CA0316 /* 24.level in Resources */ = {isa = PBXBuildFile; fileRef = A581A4A30F9B8E7B00CA0316 /* 24.level */; };
		A581A4C60F9B94D700CA0316 /* 25.level in Resources */ = {isa = PBXBuildFile; fileRef = A581A4C50F9B94D700CA0316 /* 25.level */; };
		A581A4E40F9C479300CA0316 /* 26.level in Resources */ = {isa = PBXBuildFile; fileRef = A581A4E30F9C479300CA0316 /* 26.level */; };
		A581A4FC0F9C527700CA0316 /* 27.level in Resources */ = {isa = PBXBuildFile; fileRef = A581A4FB0F9C527700CA0316 /* 27.level */; };
		A581A5040F9C5E6F00CA0316 /* 28.level in Resources */ = {isa = PBXBuildFile; fileRef = A581A5030F9C5E6F00CA0316 /* 28.level */; };
		A585E10811ACE86F00B06CB6 /* SoundOn.png in Resources */ = {isa = PBXBuildFile; fileRef = A585E10711ACE86F00B06CB6 /* SoundOn.png */; };
		A585E11311ACE99700B06CB6 /* Refresh.png in Resources */ = {isa = PBXBuildFile; fileRef = A585E11211ACE99700B06CB6 /* Refresh.png */; };
		A585E13111ACEAA000B06CB6 /* SoundOff.png in Resources */ = {isa = PBXBuildFile; fileRef = A585E13011ACEAA000B06CB6 /* SoundOff.png */; };
		A59E0D710F9648CD001A5FFC /* PreviousDown.png in Resources */ = {isa = PBXBuildFile; fileRef = A59E0D700F9648CD001A5FFC /* PreviousDown.png */; };
		A59E0DA20F964B92001A5FFC /* NextDown.png in Resources */ = {isa = PBXBuildFile; fileRef = A59E0DA00F964B92001A5FFC /* NextDown.png */; };
		A59E0DA30F964B92001A5FFC /* StartDown.png in Resources */ = {isa = PBXBuildFile; fileRef = A59E0DA10F964B92001A5FFC /* StartDown.png */; };
		A59E0DB70F964CFD001A5FFC /* Complete.png in Resources */ = {isa = PBXBuildFile; fileRef = A59E0DB60F964CFD001A5FFC /* Complete.png */; };
		A59E0E1B0F9669DA001A5FFC /* iTunesArtWork.png in Resources */ = {isa = PBXBuildFile; fileRef = A59E0E1A0F9669DA001A5FFC /* iTunesArtWork.png */; };
		A59E0E790F970410001A5FFC /* 1.png in Resources */ = {isa = PBXBuildFile; fileRef = A59E0E730F970410001A5FFC /* 1.png */; };
		A59E0E7A0F970410001A5FFC /* 2.png in Resources */ = {isa = PBXBuildFile; fileRef = A59E0E740F970410001A5FFC /* 2.png */; };
		A59E0E7B0F970410001A5FFC /* 3.png in Resources */ = {isa = PBXBuildFile; fileRef = A59E0E750F970410001A5FFC /* 3.png */; };
		A59E0E7C0F970410001A5FFC /* 4.png in Resources */ = {isa = PBXBuildFile; fileRef = A59E0E760F970410001A5FFC /* 4.png */; };
		A59E0E7D0F970410001A5FFC /* 5.png in Resources */ = {isa = PBXBuildFile; fileRef = A59E0E770F970410001A5FFC /* 5.png */; };
		A59E0E7E0F970410001A5FFC /* 9.png in Resources */ = {isa = PBXBuildFile; fileRef = A59E0E780F970410001A5FFC /* 9.png */; };
		A5A8B98A0F8F28B60010DAF5 /* MainController.m in Sources */ = {isa = PBXBuildFile; fileRef = A5A8B9890F8F28B60010DAF5 /* MainController.m */; };
		A5A8B9940F8F298E0010DAF5 /* QuartzCore.framework in Frameworks */ = {isa = PBXBuildFile; fileRef = A5A8B9930F8F298E0010DAF5 /* QuartzCore.framework */; };
		A5A8B9BE0F8F342D0010DAF5 /* Box.m in Sources */ = {isa = PBXBuildFile; fileRef = A5A8B9BD0F8F342D0010DAF5 /* Box.m */; };
		A5A8B9CE0F8F376B0010DAF5 /* Item.m in Sources */ = {isa = PBXBuildFile; fileRef = A5A8B9CD0F8F376B0010DAF5 /* Item.m */; };
		A5A8BAFB0F8F4F240010DAF5 /* Cell.m in Sources */ = {isa = PBXBuildFile; fileRef = A5A8BAFA0F8F4F240010DAF5 /* Cell.m */; };
		A5A8BBA20F8F71EF0010DAF5 /* Icon.png in Resources */ = {isa = PBXBuildFile; fileRef = A5A8BBA10F8F71EF0010DAF5 /* Icon.png */; };
		A5A8BBA60F8F730D0010DAF5 /* MovingCell.m in Sources */ = {isa = PBXBuildFile; fileRef = A5A8BBA50F8F730D0010DAF5 /* MovingCell.m */; };
		A5CCED000F963A6100A46226 /* 16.level in Resources */ = {isa = PBXBuildFile; fileRef = A5CCECFF0F963A6100A46226 /* 16.level */; };
		A5CCED070F963BC400A46226 /* SK8.wav in Resources */ = {isa = PBXBuildFile; fileRef = A5CCED050F963BC400A46226 /* SK8.wav */; };
		A5CCED080F963BC400A46226 /* SK12.wav in Resources */ = {isa = PBXBuildFile; fileRef = A5CCED060F963BC400A46226 /* SK12.wav */; };
		A5F05A5F0F973A2F00E6170C /* Over.png in Resources */ = {isa = PBXBuildFile; fileRef = A5F05A540F973A2F00E6170C /* Over.png */; };
		A5F05AF30F97509800E6170C /* 17.level in Resources */ = {isa = PBXBuildFile; fileRef = A5F05AF20F97509800E6170C /* 17.level */; };
		A5F05B190F97548A00E6170C /* 18.level in Resources */ = {isa = PBXBuildFile; fileRef = A5F05B180F97548A00E6170C /* 18.level */; };
/* End PBXBuildFile section */

/* Begin PBXFileReference section */
		1D30AB110D05D00D00671497 /* Foundation.framework */ = {isa = PBXFileReference; lastKnownFileType = wrapper.framework; name = Foundation.framework; path = System/Library/Frameworks/Foundation.framework; sourceTree = SDKROOT; };
		1D3623240D0F684500981E51 /* MoveAppDelegate.h */ = {isa = PBXFileReference; fileEncoding = 4; lastKnownFileType = sourcecode.c.h; path = MoveAppDelegate.h; sourceTree = "<group>"; };
		1D3623250D0F684500981E51 /* MoveAppDelegate.m */ = {isa = PBXFileReference; fileEncoding = 4; lastKnownFileType = sourcecode.c.objc; path = MoveAppDelegate.m; sourceTree = "<group>"; };
		1D6058910D05DD3D006BFB54 /* Move.app */ = {isa = PBXFileReference; explicitFileType = wrapper.application; includeInIndex = 0; path = Move.app; sourceTree = BUILT_PRODUCTS_DIR; };
		1DF5F4DF0D08C38300B7A737 /* UIKit.framework */ = {isa = PBXFileReference; lastKnownFileType = wrapper.framework; name = UIKit.framework; path = System/Library/Frameworks/UIKit.framework; sourceTree = SDKROOT; };
		288765FC0DF74451002DB57D /* CoreGraphics.framework */ = {isa = PBXFileReference; lastKnownFileType = wrapper.framework; name = CoreGraphics.framework; path = System/Library/Frameworks/CoreGraphics.framework; sourceTree = SDKROOT; };
		28AD733E0D9D9553002E5188 /* MainWindow.xib */ = {isa = PBXFileReference; lastKnownFileType = file.xib; path = MainWindow.xib; sourceTree = "<group>"; };
		29B97316FDCFA39411CA2CEA /* main.m */ = {isa = PBXFileReference; fileEncoding = 4; lastKnownFileType = sourcecode.c.objc; path = main.m; sourceTree = "<group>"; };
		32CA4F630368D1EE00C91783 /* Move_Prefix.pch */ = {isa = PBXFileReference; fileEncoding = 4; lastKnownFileType = sourcecode.c.h; path = Move_Prefix.pch; sourceTree = "<group>"; };
		8D1107310486CEB800E47090 /* Info.plist */ = {isa = PBXFileReference; fileEncoding = 4; lastKnownFileType = text.plist.xml; path = Info.plist; sourceTree = "<group>"; };
		A50FDBB40FA43BE9002F3F96 /* 29.level */ = {isa = PBXFileReference; fileEncoding = 4; lastKnownFileType = text; name = 29.level; path = Levels/29.level; sourceTree = "<group>"; };
		A50FDBF70FA46AD2002F3F96 /* 30.level */ = {isa = PBXFileReference; fileEncoding = 4; lastKnownFileType = text; name = 30.level; path = Levels/30.level; sourceTree = "<group>"; };
		A548C0230F984BCE005B1227 /* 19.level */ = {isa = PBXFileReference; fileEncoding = 4; lastKnownFileType = text; name = 19.level; path = Levels/19.level; sourceTree = "<group>"; };
		A548C02F0F984C26005B1227 /* Level.png */ = {isa = PBXFileReference; lastKnownFileType = image.png; name = Level.png; path = Images/Level.png; sourceTree = "<group>"; };
		A548C0540F985759005B1227 /* Number0.png */ = {isa = PBXFileReference; lastKnownFileType = image.png; path = Number0.png; sourceTree = "<group>"; };
		A548C0550F985759005B1227 /* Number1.png */ = {isa = PBXFileReference; lastKnownFileType = image.png; path = Number1.png; sourceTree = "<group>"; };
		A548C0560F985759005B1227 /* Number2.png */ = {isa = PBXFileReference; lastKnownFileType = image.png; path = Number2.png; sourceTree = "<group>"; };
		A548C0570F985759005B1227 /* Number3.png */ = {isa = PBXFileReference; lastKnownFileType = image.png; path = Number3.png; sourceTree = "<group>"; };
		A548C0580F985759005B1227 /* Number4.png */ = {isa = PBXFileReference; lastKnownFileType = image.png; path = Number4.png; sourceTree = "<group>"; };
		A548C05A0F985759005B1227 /* Number6.png */ = {isa = PBXFileReference; lastKnownFileType = image.png; path = Number6.png; sourceTree = "<group>"; };
		A548C05B0F985759005B1227 /* Number7.png */ = {isa = PBXFileReference; lastKnownFileType = image.png; path = Number7.png; sourceTree = "<group>"; };
		A548C05C0F985759005B1227 /* Number8.png */ = {isa = PBXFileReference; lastKnownFileType = image.png; path = Number8.png; sourceTree = "<group>"; };
		A548C05D0F985759005B1227 /* Number9.png */ = {isa = PBXFileReference; lastKnownFileType = image.png; path = Number9.png; sourceTree = "<group>"; };
		A548C0C80F985F05005B1227 /* 10.png */ = {isa = PBXFileReference; lastKnownFileType = image.png; name = 10.png; path = Images/Land/10.png; sourceTree = "<group>"; };
		A548C0C90F985F05005B1227 /* 11.png */ = {isa = PBXFileReference; lastKnownFileType = image.png; name = 11.png; path = Images/Land/11.png; sourceTree = "<group>"; };
		A548C0CA0F985F05005B1227 /* 12.png */ = {isa = PBXFileReference; lastKnownFileType = image.png; name = 12.png; path = Images/Land/12.png; sourceTree = "<group>"; };
		A548C0CB0F985F05005B1227 /* 13.png */ = {isa = PBXFileReference; lastKnownFileType = image.png; name = 13.png; path = Images/Land/13.png; sourceTree = "<group>"; };
		A548C0CC0F985F05005B1227 /* 14.png */ = {isa = PBXFileReference; lastKnownFileType = image.png; name = 14.png; path = Images/Land/14.png; sourceTree = "<group>"; };
		A548C0CD0F985F05005B1227 /* 20.png */ = {isa = PBXFileReference; lastKnownFileType = image.png; name = 20.png; path = Images/Land/20.png; sourceTree = "<group>"; };
		A548C0CE0F985F05005B1227 /* 21.png */ = {isa = PBXFileReference; lastKnownFileType = image.png; name = 21.png; path = Images/Land/21.png; sourceTree = "<group>"; };
		A548C0CF0F985F05005B1227 /* 22.png */ = {isa = PBXFileReference; lastKnownFileType = image.png; name = 22.png; path = Images/Land/22.png; sourceTree = "<group>"; };
		A548C0D00F985F05005B1227 /* 23.png */ = {isa = PBXFileReference; lastKnownFileType = image.png; name = 23.png; path = Images/Land/23.png; sourceTree = "<group>"; };
		A548C0D10F985F05005B1227 /* 30.png */ = {isa = PBXFileReference; lastKnownFileType = image.png; name = 30.png; path = Images/Land/30.png; sourceTree = "<group>"; };
		A548C0D20F985F05005B1227 /* 31.png */ = {isa = PBXFileReference; lastKnownFileType = image.png; name = 31.png; path = Images/Land/31.png; sourceTree = "<group>"; };
		A548C0D30F985F05005B1227 /* 32.png */ = {isa = PBXFileReference; lastKnownFileType = image.png; name = 32.png; path = Images/Land/32.png; sourceTree = "<group>"; };
		A548C0ED0F9862D9005B1227 /* 40.png */ = {isa = PBXFileReference; lastKnownFileType = image.png; name = 40.png; path = Images/Land/40.png; sourceTree = "<group>"; };
		A548C0EE0F9862D9005B1227 /* 42.png */ = {isa = PBXFileReference; lastKnownFileType = image.png; name = 42.png; path = Images/Land/42.png; sourceTree = "<group>"; };
		A548C0EF0F9862D9005B1227 /* 43.png */ = {isa = PBXFileReference; lastKnownFileType = image.png; name = 43.png; path = Images/Land/43.png; sourceTree = "<group>"; };
		A548C0F00F9862D9005B1227 /* 44.png */ = {isa = PBXFileReference; lastKnownFileType = image.png; name = 44.png; path = Images/Land/44.png; sourceTree = "<group>"; };
		A548C0F10F9862D9005B1227 /* 41.png */ = {isa = PBXFileReference; lastKnownFileType = image.png; name = 41.png; path = Images/Land/41.png; sourceTree = "<group>"; };
		A548C1640F986585005B1227 /* Number5.png */ = {isa = PBXFileReference; lastKnownFileType = image.png; path = Number5.png; sourceTree = "<group>"; };
		A548C1B70F988650005B1227 /* 20.level */ = {isa = PBXFileReference; fileEncoding = 4; lastKnownFileType = text; name = 20.level; path = Levels/20.level; sourceTree = "<group>"; };
		A5550F0B0F96439400028615 /* Start.png */ = {isa = PBXFileReference; lastKnownFileType = image.png; name = Start.png; path = Images/Start.png; sourceTree = "<group>"; };
		A5550F0D0F96447500028615 /* Next.png */ = {isa = PBXFileReference; lastKnownFileType = image.png; name = Next.png; path = Images/Next.png; sourceTree = "<group>"; };
		A5550F0E0F96447500028615 /* Previous.png */ = {isa = PBXFileReference; lastKnownFileType = image.png; name = Previous.png; path = Images/Previous.png; sourceTree = "<group>"; };
		A55976440F906BDD000335AA /* 1.level */ = {isa = PBXFileReference; fileEncoding = 4; lastKnownFileType = text; name = 1.level; path = Levels/1.level; sourceTree = "<group>"; };
		A559772E0F90B32D000335AA /* 2.level */ = {isa = PBXFileReference; fileEncoding = 4; lastKnownFileType = text; name = 2.level; path = Levels/2.level; sourceTree = "<group>"; };
		A55978280F90CAEA000335AA /* 3.level */ = {isa = PBXFileReference; fileEncoding = 4; lastKnownFileType = text; name = 3.level; path = Levels/3.level; sourceTree = "<group>"; };
		A55978290F90CAEA000335AA /* 4.level */ = {isa = PBXFileReference; fileEncoding = 4; lastKnownFileType = text; name = 4.level; path = Levels/4.level; sourceTree = "<group>"; };
		A559782A0F90CAEA000335AA /* 5.level */ = {isa = PBXFileReference; fileEncoding = 4; lastKnownFileType = text; name = 5.level; path = Levels/5.level; sourceTree = "<group>"; };
		A559783E0F90D259000335AA /* CFC_0040.wav */ = {isa = PBXFileReference; lastKnownFileType = audio.wav; path = CFC_0040.wav; sourceTree = "<group>"; };
		A559783F0F90D259000335AA /* CFC_0619.wav */ = {isa = PBXFileReference; lastKnownFileType = audio.wav; path = CFC_0619.wav; sourceTree = "<group>"; };
		A55978400F90D259000335AA /* CFC_0882.wav */ = {isa = PBXFileReference; lastKnownFileType = audio.wav; path = CFC_0882.wav; sourceTree = "<group>"; };
		A55978550F90D332000335AA /* AudioToolbox.framework */ = {isa = PBXFileReference; lastKnownFileType = wrapper.framework; name = AudioToolbox.framework; path = System/Library/Frameworks/AudioToolbox.framework; sourceTree = SDKROOT; };
		A55978800F90D3BF000335AA /* SoundEffect.h */ = {isa = PBXFileReference; fileEncoding = 4; lastKnownFileType = sourcecode.c.h; path = SoundEffect.h; sourceTree = "<group>"; };
		A55978810F90D3BF000335AA /* SoundEffect.m */ = {isa = PBXFileReference; fileEncoding = 4; lastKnownFileType = sourcecode.c.objc; path = SoundEffect.m; sourceTree = "<group>"; };
		A55978D00F90DFB3000335AA /* 6.level */ = {isa = PBXFileReference; fileEncoding = 4; lastKnownFileType = text; name = 6.level; path = Levels/6.level; sourceTree = "<group>"; };
		A55978D10F90DFB3000335AA /* 7.level */ = {isa = PBXFileReference; fileEncoding = 4; lastKnownFileType = text; name = 7.level; path = Levels/7.level; sourceTree = "<group>"; };
		A55978D20F90DFB3000335AA /* 8.level */ = {isa = PBXFileReference; fileEncoding = 4; lastKnownFileType = text; name = 8.level; path = Levels/8.level; sourceTree = "<group>"; };
		A55978F80F910C1B000335AA /* 9.level */ = {isa = PBXFileReference; fileEncoding = 4; lastKnownFileType = text; name = 9.level; path = Levels/9.level; sourceTree = "<group>"; };
		A55978F90F910C1B000335AA /* 10.level */ = {isa = PBXFileReference; fileEncoding = 4; lastKnownFileType = text; name = 10.level; path = Levels/10.level; sourceTree = "<group>"; };
		A55978FA0F910C1B000335AA /* 11.level */ = {isa = PBXFileReference; fileEncoding = 4; lastKnownFileType = text; name = 11.level; path = Levels/11.level; sourceTree = "<group>"; };
		A55978FB0F910C1B000335AA /* 12.level */ = {isa = PBXFileReference; fileEncoding = 4; lastKnownFileType = text; name = 12.level; path = Levels/12.level; sourceTree = "<group>"; };
		A55978FC0F910C1B000335AA /* 13.level */ = {isa = PBXFileReference; fileEncoding = 4; lastKnownFileType = text; name = 13.level; path = Levels/13.level; sourceTree = "<group>"; };
		A55978FD0F910C1B000335AA /* 14.level */ = {isa = PBXFileReference; fileEncoding = 4; lastKnownFileType = text; name = 14.level; path = Levels/14.level; sourceTree = "<group>"; };
		A55979130F9113E6000335AA /* 15.level */ = {isa = PBXFileReference; fileEncoding = 4; lastKnownFileType = text; name = 15.level; path = Levels/15.level; sourceTree = "<group>"; };
		A559797D0F91BB53000335AA /* Background.png */ = {isa = PBXFileReference; lastKnownFileType = image.png; name = Background.png; path = Images/Background.png; sourceTree = "<group>"; };
		A5597C040F923E92000335AA /* GameView.xib */ = {isa = PBXFileReference; lastKnownFileType = file.xib; path = GameView.xib; sourceTree = "<group>"; };
		A5597C070F923EAC000335AA /* GameController.h */ = {isa = PBXFileReference; fileEncoding = 4; lastKnownFileType = sourcecode.c.h; path = GameController.h; sourceTree = "<group>"; };
		A5597C080F923EAC000335AA /* GameController.m */ = {isa = PBXFileReference; fileEncoding = 4; lastKnownFileType = sourcecode.c.objc; path = GameController.m; sourceTree = "<group>"; };
		A5597CC20F924A5E000335AA /* Titlescreen.png */ = {isa = PBXFileReference; lastKnownFileType = image.png; name = Titlescreen.png; path = Images/Titlescreen.png; sourceTree = "<group>"; };
		A581A1D80F989C3300CA0316 /* Entitlements.plist */ = {isa = PBXFileReference; fileEncoding = 4; lastKnownFileType = text.plist.xml; path = Entitlements.plist; sourceTree = "<group>"; };
		A581A4430F9B633700CA0316 /* 21.level */ = {isa = PBXFileReference; fileEncoding = 4; lastKnownFileType = text; name = 21.level; path = Levels/21.level; sourceTree = "<group>"; };
		A581A4660F9B858600CA0316 /* 22.level */ = {isa = PBXFileReference; fileEncoding = 4; lastKnownFileType = text; name = 22.level; path = Levels/22.level; sourceTree = "<group>"; };
		A581A4900F9B887300CA0316 /* 23.level */ = {isa = PBXFileReference; fileEncoding = 4; lastKnownFileType = text; name = 23.level; path = Levels/23.level; sourceTree = "<group>"; };
		A581A4A30F9B8E7B00CA0316 /* 24.level */ = {isa = PBXFileReference; fileEncoding = 4; lastKnownFileType = text; name = 24.level; path = Levels/24.level; sourceTree = "<group>"; };
		A581A4C50F9B94D700CA0316 /* 25.level */ = {isa = PBXFileReference; fileEncoding = 4; lastKnownFileType = text; name = 25.level; path = Levels/25.level; sourceTree = "<group>"; };
		A581A4E30F9C479300CA0316 /* 26.level */ = {isa = PBXFileReference; fileEncoding = 4; lastKnownFileType = text; name = 26.level; path = Levels/26.level; sourceTree = "<group>"; };
		A581A4FB0F9C527700CA0316 /* 27.level */ = {isa = PBXFileReference; fileEncoding = 4; lastKnownFileType = text; name = 27.level; path = Levels/27.level; sourceTree = "<group>"; };
		A581A5030F9C5E6F00CA0316 /* 28.level */ = {isa = PBXFileReference; fileEncoding = 4; lastKnownFileType = text; name = 28.level; path = Levels/28.level; sourceTree = "<group>"; };
		A585E10711ACE86F00B06CB6 /* SoundOn.png */ = {isa = PBXFileReference; lastKnownFileType = image.png; name = SoundOn.png; path = Images/SoundOn.png; sourceTree = "<group>"; };
		A585E11211ACE99700B06CB6 /* Refresh.png */ = {isa = PBXFileReference; lastKnownFileType = image.png; name = Refresh.png; path = Images/Refresh.png; sourceTree = "<group>"; };
		A585E13011ACEAA000B06CB6 /* SoundOff.png */ = {isa = PBXFileReference; lastKnownFileType = image.png; name = SoundOff.png; path = Images/SoundOff.png; sourceTree = "<group>"; };
		A59E0D700F9648CD001A5FFC /* PreviousDown.png */ = {isa = PBXFileReference; lastKnownFileType = image.png; name = PreviousDown.png; path = Images/PreviousDown.png; sourceTree = "<group>"; };
		A59E0DA00F964B92001A5FFC /* NextDown.png */ = {isa = PBXFileReference; lastKnownFileType = image.png; name = NextDown.png; path = Images/NextDown.png; sourceTree = "<group>"; };
		A59E0DA10F964B92001A5FFC /* StartDown.png */ = {isa = PBXFileReference; lastKnownFileType = image.png; name = StartDown.png; path = Images/StartDown.png; sourceTree = "<group>"; };
		A59E0DB60F964CFD001A5FFC /* Complete.png */ = {isa = PBXFileReference; lastKnownFileType = image.png; name = Complete.png; path = Images/Complete.png; sourceTree = "<group>"; };
		A59E0E1A0F9669DA001A5FFC /* iTunesArtWork.png */ = {isa = PBXFileReference; lastKnownFileType = image.png; name = iTunesArtWork.png; path = Images/iTunesArtWork.png; sourceTree = "<group>"; };
		A59E0E730F970410001A5FFC /* 1.png */ = {isa = PBXFileReference; lastKnownFileType = image.png; name = 1.png; path = Images/Blocks/1.png; sourceTree = "<group>"; };
		A59E0E740F970410001A5FFC /* 2.png */ = {isa = PBXFileReference; lastKnownFileType = image.png; name = 2.png; path = Images/Blocks/2.png; sourceTree = "<group>"; };
		A59E0E750F970410001A5FFC /* 3.png */ = {isa = PBXFileReference; lastKnownFileType = image.png; name = 3.png; path = Images/Blocks/3.png; sourceTree = "<group>"; };
		A59E0E760F970410001A5FFC /* 4.png */ = {isa = PBXFileReference; lastKnownFileType = image.png; name = 4.png; path = Images/Blocks/4.png; sourceTree = "<group>"; };
		A59E0E770F970410001A5FFC /* 5.png */ = {isa = PBXFileReference; lastKnownFileType = image.png; name = 5.png; path = Images/Blocks/5.png; sourceTree = "<group>"; };
		A59E0E780F970410001A5FFC /* 9.png */ = {isa = PBXFileReference; lastKnownFileType = image.png; name = 9.png; path = Images/Blocks/9.png; sourceTree = "<group>"; };
		A5A8B9880F8F28B60010DAF5 /* MainController.h */ = {isa = PBXFileReference; fileEncoding = 4; lastKnownFileType = sourcecode.c.h; path = MainController.h; sourceTree = "<group>"; };
		A5A8B9890F8F28B60010DAF5 /* MainController.m */ = {isa = PBXFileReference; fileEncoding = 4; lastKnownFileType = sourcecode.c.objc; path = MainController.m; sourceTree = "<group>"; };
		A5A8B9930F8F298E0010DAF5 /* QuartzCore.framework */ = {isa = PBXFileReference; lastKnownFileType = wrapper.framework; name = QuartzCore.framework; path = System/Library/Frameworks/QuartzCore.framework; sourceTree = SDKROOT; };
		A5A8B9BC0F8F342D0010DAF5 /* Box.h */ = {isa = PBXFileReference; fileEncoding = 4; lastKnownFileType = sourcecode.c.h; path = Box.h; sourceTree = "<group>"; };
		A5A8B9BD0F8F342D0010DAF5 /* Box.m */ = {isa = PBXFileReference; fileEncoding = 4; lastKnownFileType = sourcecode.c.objc; path = Box.m; sourceTree = "<group>"; };
		A5A8B9CC0F8F376B0010DAF5 /* Item.h */ = {isa = PBXFileReference; fileEncoding = 4; lastKnownFileType = sourcecode.c.h; path = Item.h; sourceTree = "<group>"; };
		A5A8B9CD0F8F376B0010DAF5 /* Item.m */ = {isa = PBXFileReference; fileEncoding = 4; lastKnownFileType = sourcecode.c.objc; path = Item.m; sourceTree = "<group>"; };
		A5A8BAF90F8F4F240010DAF5 /* Cell.h */ = {isa = PBXFileReference; fileEncoding = 4; lastKnownFileType = sourcecode.c.h; path = Cell.h; sourceTree = "<group>"; };
		A5A8BAFA0F8F4F240010DAF5 /* Cell.m */ = {isa = PBXFileReference; fileEncoding = 4; lastKnownFileType = sourcecode.c.objc; path = Cell.m; sourceTree = "<group>"; };
		A5A8BBA10F8F71EF0010DAF5 /* Icon.png */ = {isa = PBXFileReference; lastKnownFileType = image.png; name = Icon.png; path = Images/Icon.png; sourceTree = "<group>"; };
		A5A8BBA40F8F730D0010DAF5 /* MovingCell.h */ = {isa = PBXFileReference; fileEncoding = 4; lastKnownFileType = sourcecode.c.h; path = MovingCell.h; sourceTree = "<group>"; };
		A5A8BBA50F8F730D0010DAF5 /* MovingCell.m */ = {isa = PBXFileReference; fileEncoding = 4; lastKnownFileType = sourcecode.c.objc; path = MovingCell.m; sourceTree = "<group>"; };
		A5CCECFF0F963A6100A46226 /* 16.level */ = {isa = PBXFileReference; fileEncoding = 4; lastKnownFileType = text; name = 16.level; path = Levels/16.level; sourceTree = "<group>"; };
		A5CCED050F963BC400A46226 /* SK8.wav */ = {isa = PBXFileReference; lastKnownFileType = audio.wav; path = SK8.wav; sourceTree = "<group>"; };
		A5CCED060F963BC400A46226 /* SK12.wav */ = {isa = PBXFileReference; lastKnownFileType = audio.wav; path = SK12.wav; sourceTree = "<group>"; };
		A5F05A540F973A2F00E6170C /* Over.png */ = {isa = PBXFileReference; lastKnownFileType = image.png; name = Over.png; path = Images/Over.png; sourceTree = "<group>"; };
		A5F05AF20F97509800E6170C /* 17.level */ = {isa = PBXFileReference; fileEncoding = 4; lastKnownFileType = text; name = 17.level; path = Levels/17.level; sourceTree = "<group>"; };
		A5F05B180F97548A00E6170C /* 18.level */ = {isa = PBXFileReference; fileEncoding = 4; lastKnownFileType = text; name = 18.level; path = Levels/18.level; sourceTree = "<group>"; };
/* End PBXFileReference section */

/* Begin PBXFrameworksBuildPhase section */
		1D60588F0D05DD3D006BFB54 /* Frameworks */ = {
			isa = PBXFrameworksBuildPhase;
			buildActionMask = 2147483647;
			files = (
				1D60589F0D05DD5A006BFB54 /* Foundation.framework in Frameworks */,
				1DF5F4E00D08C38300B7A737 /* UIKit.framework in Frameworks */,
				288765FD0DF74451002DB57D /* CoreGraphics.framework in Frameworks */,
				A5A8B9940F8F298E0010DAF5 /* QuartzCore.framework in Frameworks */,
				A55978560F90D332000335AA /* AudioToolbox.framework in Frameworks */,
			);
			runOnlyForDeploymentPostprocessing = 0;
		};
/* End PBXFrameworksBuildPhase section */

/* Begin PBXGroup section */
		080E96DDFE201D6D7F000001 /* Classes */ = {
			isa = PBXGroup;
			children = (
				A5A8B9BB0F8F341D0010DAF5 /* Objects */,
				A5A8B9BA0F8F34130010DAF5 /* Controllers */,
				1D3623240D0F684500981E51 /* MoveAppDelegate.h */,
				1D3623250D0F684500981E51 /* MoveAppDelegate.m */,
			);
			path = Classes;
			sourceTree = "<group>";
		};
		19C28FACFE9D520D11CA2CBB /* Products */ = {
			isa = PBXGroup;
			children = (
				1D6058910D05DD3D006BFB54 /* Move.app */,
			);
			name = Products;
			sourceTree = "<group>";
		};
		29B97314FDCFA39411CA2CEA /* CustomTemplate */ = {
			isa = PBXGroup;
			children = (
				080E96DDFE201D6D7F000001 /* Classes */,
				29B97315FDCFA39411CA2CEA /* Other Sources */,
				29B97317FDCFA39411CA2CEA /* Resources */,
				29B97323FDCFA39411CA2CEA /* Frameworks */,
				19C28FACFE9D520D11CA2CBB /* Products */,
			);
			name = CustomTemplate;
			sourceTree = "<group>";
		};
		29B97315FDCFA39411CA2CEA /* Other Sources */ = {
			isa = PBXGroup;
			children = (
				32CA4F630368D1EE00C91783 /* Move_Prefix.pch */,
				29B97316FDCFA39411CA2CEA /* main.m */,
			);
			name = "Other Sources";
			sourceTree = "<group>";
		};
		29B97317FDCFA39411CA2CEA /* Resources */ = {
			isa = PBXGroup;
			children = (
				A5597C310F923FD4000335AA /* Views */,
				A559783B0F90D259000335AA /* Sounds */,
				A55976430F906BD1000335AA /* Levels */,
				A5A8B9B20F8F33E50010DAF5 /* Images */,
				8D1107310486CEB800E47090 /* Info.plist */,
				A5A8BBA10F8F71EF0010DAF5 /* Icon.png */,
				A59E0E1A0F9669DA001A5FFC /* iTunesArtWork.png */,
				A581A1D80F989C3300CA0316 /* Entitlements.plist */,
			);
			name = Resources;
			sourceTree = "<group>";
		};
		29B97323FDCFA39411CA2CEA /* Frameworks */ = {
			isa = PBXGroup;
			children = (
				A55978550F90D332000335AA /* AudioToolbox.framework */,
				A5A8B9930F8F298E0010DAF5 /* QuartzCore.framework */,
				1DF5F4DF0D08C38300B7A737 /* UIKit.framework */,
				1D30AB110D05D00D00671497 /* Foundation.framework */,
				288765FC0DF74451002DB57D /* CoreGraphics.framework */,
			);
			name = Frameworks;
			sourceTree = "<group>";
		};
		A548C0530F985759005B1227 /* Numbers */ = {
			isa = PBXGroup;
			children = (
				A548C0540F985759005B1227 /* Number0.png */,
				A548C0550F985759005B1227 /* Number1.png */,
				A548C0560F985759005B1227 /* Number2.png */,
				A548C0570F985759005B1227 /* Number3.png */,
				A548C0580F985759005B1227 /* Number4.png */,
				A548C1640F986585005B1227 /* Number5.png */,
				A548C05A0F985759005B1227 /* Number6.png */,
				A548C05B0F985759005B1227 /* Number7.png */,
				A548C05C0F985759005B1227 /* Number8.png */,
				A548C05D0F985759005B1227 /* Number9.png */,
			);
			name = Numbers;
			path = Images/Numbers;
			sourceTree = "<group>";
		};
		A55976430F906BD1000335AA /* Levels */ = {
			isa = PBXGroup;
			children = (
				A55976440F906BDD000335AA /* 1.level */,
				A559772E0F90B32D000335AA /* 2.level */,
				A55978280F90CAEA000335AA /* 3.level */,
				A55978290F90CAEA000335AA /* 4.level */,
				A559782A0F90CAEA000335AA /* 5.level */,
				A55978D00F90DFB3000335AA /* 6.level */,
				A55978D10F90DFB3000335AA /* 7.level */,
				A55978D20F90DFB3000335AA /* 8.level */,
				A55978F80F910C1B000335AA /* 9.level */,
				A55978F90F910C1B000335AA /* 10.level */,
				A55978FA0F910C1B000335AA /* 11.level */,
				A55978FB0F910C1B000335AA /* 12.level */,
				A55978FC0F910C1B000335AA /* 13.level */,
				A55978FD0F910C1B000335AA /* 14.level */,
				A55979130F9113E6000335AA /* 15.level */,
				A5CCECFF0F963A6100A46226 /* 16.level */,
				A5F05AF20F97509800E6170C /* 17.level */,
				A5F05B180F97548A00E6170C /* 18.level */,
				A548C0230F984BCE005B1227 /* 19.level */,
				A548C1B70F988650005B1227 /* 20.level */,
				A581A4430F9B633700CA0316 /* 21.level */,
				A581A4660F9B858600CA0316 /* 22.level */,
				A581A4900F9B887300CA0316 /* 23.level */,
				A581A4A30F9B8E7B00CA0316 /* 24.level */,
				A581A4C50F9B94D700CA0316 /* 25.level */,
				A581A4E30F9C479300CA0316 /* 26.level */,
				A581A4FB0F9C527700CA0316 /* 27.level */,
				A581A5030F9C5E6F00CA0316 /* 28.level */,
				A50FDBB40FA43BE9002F3F96 /* 29.level */,
				A50FDBF70FA46AD2002F3F96 /* 30.level */,
			);
			name = Levels;
			sourceTree = "<group>";
		};
		A55978090F90C941000335AA /* Blocks */ = {
			isa = PBXGroup;
			children = (
				A59E0E730F970410001A5FFC /* 1.png */,
				A59E0E740F970410001A5FFC /* 2.png */,
				A59E0E750F970410001A5FFC /* 3.png */,
				A59E0E760F970410001A5FFC /* 4.png */,
				A59E0E770F970410001A5FFC /* 5.png */,
				A59E0E780F970410001A5FFC /* 9.png */,
			);
			name = Blocks;
			sourceTree = "<group>";
		};
		A559783B0F90D259000335AA /* Sounds */ = {
			isa = PBXGroup;
			children = (
				A5CCED050F963BC400A46226 /* SK8.wav */,
				A5CCED060F963BC400A46226 /* SK12.wav */,
				A559783E0F90D259000335AA /* CFC_0040.wav */,
				A559783F0F90D259000335AA /* CFC_0619.wav */,
				A55978400F90D259000335AA /* CFC_0882.wav */,
			);
			path = Sounds;
			sourceTree = "<group>";
		};
		A5597A340F92020A000335AA /* Land */ = {
			isa = PBXGroup;
			children = (
				A548C0ED0F9862D9005B1227 /* 40.png */,
				A548C0F10F9862D9005B1227 /* 41.png */,
				A548C0EE0F9862D9005B1227 /* 42.png */,
				A548C0EF0F9862D9005B1227 /* 43.png */,
				A548C0F00F9862D9005B1227 /* 44.png */,
				A548C0C80F985F05005B1227 /* 10.png */,
				A548C0C90F985F05005B1227 /* 11.png */,
				A548C0CA0F985F05005B1227 /* 12.png */,
				A548C0CB0F985F05005B1227 /* 13.png */,
				A548C0CC0F985F05005B1227 /* 14.png */,
				A548C0CD0F985F05005B1227 /* 20.png */,
				A548C0CE0F985F05005B1227 /* 21.png */,
				A548C0CF0F985F05005B1227 /* 22.png */,
				A548C0D00F985F05005B1227 /* 23.png */,
				A548C0D10F985F05005B1227 /* 30.png */,
				A548C0D20F985F05005B1227 /* 31.png */,
				A548C0D30F985F05005B1227 /* 32.png */,
			);
			name = Land;
			sourceTree = "<group>";
		};
		A5597C310F923FD4000335AA /* Views */ = {
			isa = PBXGroup;
			children = (
				28AD733E0D9D9553002E5188 /* MainWindow.xib */,
				A5597C040F923E92000335AA /* GameView.xib */,
			);
			name = Views;
			sourceTree = "<group>";
		};
		A59E0D9F0F964B77001A5FFC /* Buttons */ = {
			isa = PBXGroup;
			children = (
				A5550F0D0F96447500028615 /* Next.png */,
				A59E0DA00F964B92001A5FFC /* NextDown.png */,
				A5550F0E0F96447500028615 /* Previous.png */,
				A59E0D700F9648CD001A5FFC /* PreviousDown.png */,
				A5550F0B0F96439400028615 /* Start.png */,
				A59E0DA10F964B92001A5FFC /* StartDown.png */,
				A585E11211ACE99700B06CB6 /* Refresh.png */,
				A585E10711ACE86F00B06CB6 /* SoundOn.png */,
				A585E13011ACEAA000B06CB6 /* SoundOff.png */,
			);
			name = Buttons;
			sourceTree = "<group>";
		};
		A5A8B9B20F8F33E50010DAF5 /* Images */ = {
			isa = PBXGroup;
			children = (
				A548C0530F985759005B1227 /* Numbers */,
				A59E0D9F0F964B77001A5FFC /* Buttons */,
				A5597A340F92020A000335AA /* Land */,
				A55978090F90C941000335AA /* Blocks */,
				A559797D0F91BB53000335AA /* Background.png */,
				A5F05A540F973A2F00E6170C /* Over.png */,
				A5597CC20F924A5E000335AA /* Titlescreen.png */,
				A59E0DB60F964CFD001A5FFC /* Complete.png */,
				A548C02F0F984C26005B1227 /* Level.png */,
			);
			name = Images;
			sourceTree = "<group>";
		};
		A5A8B9BA0F8F34130010DAF5 /* Controllers */ = {
			isa = PBXGroup;
			children = (
				A5A8B9880F8F28B60010DAF5 /* MainController.h */,
				A5A8B9890F8F28B60010DAF5 /* MainController.m */,
				A5597C070F923EAC000335AA /* GameController.h */,
				A5597C080F923EAC000335AA /* GameController.m */,
			);
			name = Controllers;
			sourceTree = "<group>";
		};
		A5A8B9BB0F8F341D0010DAF5 /* Objects */ = {
			isa = PBXGroup;
			children = (
				A55978800F90D3BF000335AA /* SoundEffect.h */,
				A55978810F90D3BF000335AA /* SoundEffect.m */,
				A5A8B9BC0F8F342D0010DAF5 /* Box.h */,
				A5A8B9BD0F8F342D0010DAF5 /* Box.m */,
				A5A8B9CC0F8F376B0010DAF5 /* Item.h */,
				A5A8B9CD0F8F376B0010DAF5 /* Item.m */,
				A5A8BAF90F8F4F240010DAF5 /* Cell.h */,
				A5A8BAFA0F8F4F240010DAF5 /* Cell.m */,
				A5A8BBA40F8F730D0010DAF5 /* MovingCell.h */,
				A5A8BBA50F8F730D0010DAF5 /* MovingCell.m */,
			);
			name = Objects;
			sourceTree = "<group>";
		};
/* End PBXGroup section */

/* Begin PBXNativeTarget section */
		1D6058900D05DD3D006BFB54 /* Move */ = {
			isa = PBXNativeTarget;
			buildConfigurationList = 1D6058960D05DD3E006BFB54 /* Build configuration list for PBXNativeTarget "Move" */;
			buildPhases = (
				1D60588D0D05DD3D006BFB54 /* Resources */,
				1D60588E0D05DD3D006BFB54 /* Sources */,
				1D60588F0D05DD3D006BFB54 /* Frameworks */,
			);
			buildRules = (
			);
			dependencies = (
			);
			name = Move;
			productName = Move;
			productReference = 1D6058910D05DD3D006BFB54 /* Move.app */;
			productType = "com.apple.product-type.application";
		};
/* End PBXNativeTarget section */

/* Begin PBXProject section */
		29B97313FDCFA39411CA2CEA /* Project object */ = {
			isa = PBXProject;
			buildConfigurationList = C01FCF4E08A954540054247B /* Build configuration list for PBXProject "Move" */;
			compatibilityVersion = "Xcode 3.1";
			developmentRegion = English;
			hasScannedForEncodings = 1;
			knownRegions = (
				English,
				Japanese,
				French,
				German,
			);
			mainGroup = 29B97314FDCFA39411CA2CEA /* CustomTemplate */;
			projectDirPath = "";
			projectRoot = "";
			targets = (
				1D6058900D05DD3D006BFB54 /* Move */,
			);
		};
/* End PBXProject section */

/* Begin PBXResourcesBuildPhase section */
		1D60588D0D05DD3D006BFB54 /* Resources */ = {
			isa = PBXResourcesBuildPhase;
			buildActionMask = 2147483647;
			files = (
				28AD733F0D9D9553002E5188 /* MainWindow.xib in Resources */,
				A5A8BBA20F8F71EF0010DAF5 /* Icon.png in Resources */,
				A55976450F906BDD000335AA /* 1.level in Resources */,
				A559772F0F90B32D000335AA /* 2.level in Resources */,
				A559782B0F90CAEA000335AA /* 3.level in Resources */,
				A559782C0F90CAEA000335AA /* 4.level in Resources */,
				A559782D0F90CAEA000335AA /* 5.level in Resources */,
				A55978430F90D259000335AA /* CFC_0040.wav in Resources */,
				A55978440F90D259000335AA /* CFC_0619.wav in Resources */,
				A55978450F90D259000335AA /* CFC_0882.wav in Resources */,
				A55978D30F90DFB3000335AA /* 6.level in Resources */,
				A55978D40F90DFB3000335AA /* 7.level in Resources */,
				A55978D50F90DFB3000335AA /* 8.level in Resources */,
				A55978FE0F910C1B000335AA /* 9.level in Resources */,
				A55978FF0F910C1B000335AA /* 10.level in Resources */,
				A55979000F910C1B000335AA /* 11.level in Resources */,
				A55979010F910C1B000335AA /* 12.level in Resources */,
				A55979020F910C1B000335AA /* 13.level in Resources */,
				A55979030F910C1B000335AA /* 14.level in Resources */,
				A55979140F9113E6000335AA /* 15.level in Resources */,
				A559797E0F91BB53000335AA /* Background.png in Resources */,
				A5597C050F923E92000335AA /* GameView.xib in Resources */,
				A5597CC30F924A5E000335AA /* Titlescreen.png in Resources */,
				A5CCED000F963A6100A46226 /* 16.level in Resources */,
				A5CCED070F963BC400A46226 /* SK8.wav in Resources */,
				A5CCED080F963BC400A46226 /* SK12.wav in Resources */,
				A5550F0C0F96439400028615 /* Start.png in Resources */,
				A5550F0F0F96447500028615 /* Next.png in Resources */,
				A5550F100F96447500028615 /* Previous.png in Resources */,
				A59E0D710F9648CD001A5FFC /* PreviousDown.png in Resources */,
				A59E0DA20F964B92001A5FFC /* NextDown.png in Resources */,
				A59E0DA30F964B92001A5FFC /* StartDown.png in Resources */,
				A59E0DB70F964CFD001A5FFC /* Complete.png in Resources */,
				A59E0E1B0F9669DA001A5FFC /* iTunesArtWork.png in Resources */,
				A59E0E790F970410001A5FFC /* 1.png in Resources */,
				A59E0E7A0F970410001A5FFC /* 2.png in Resources */,
				A59E0E7B0F970410001A5FFC /* 3.png in Resources */,
				A59E0E7C0F970410001A5FFC /* 4.png in Resources */,
				A59E0E7D0F970410001A5FFC /* 5.png in Resources */,
				A59E0E7E0F970410001A5FFC /* 9.png in Resources */,
				A5F05A5F0F973A2F00E6170C /* Over.png in Resources */,
				A5F05AF30F97509800E6170C /* 17.level in Resources */,
				A5F05B190F97548A00E6170C /* 18.level in Resources */,
				A548C0240F984BCE005B1227 /* 19.level in Resources */,
				A548C0300F984C26005B1227 /* Level.png in Resources */,
				A548C05E0F985759005B1227 /* Number0.png in Resources */,
				A548C05F0F985759005B1227 /* Number1.png in Resources */,
				A548C0600F985759005B1227 /* Number2.png in Resources */,
				A548C0610F985759005B1227 /* Number3.png in Resources */,
				A548C0620F985759005B1227 /* Number4.png in Resources */,
				A548C0640F985759005B1227 /* Number6.png in Resources */,
				A548C0650F985759005B1227 /* Number7.png in Resources */,
				A548C0660F985759005B1227 /* Number8.png in Resources */,
				A548C0670F985759005B1227 /* Number9.png in Resources */,
				A548C0D50F985F05005B1227 /* 10.png in Resources */,
				A548C0D60F985F05005B1227 /* 11.png in Resources */,
				A548C0D70F985F05005B1227 /* 12.png in Resources */,
				A548C0D80F985F05005B1227 /* 13.png in Resources */,
				A548C0D90F985F05005B1227 /* 14.png in Resources */,
				A548C0DA0F985F05005B1227 /* 20.png in Resources */,
				A548C0DB0F985F05005B1227 /* 21.png in Resources */,
				A548C0DC0F985F05005B1227 /* 22.png in Resources */,
				A548C0DD0F985F05005B1227 /* 23.png in Resources */,
				A548C0DE0F985F05005B1227 /* 30.png in Resources */,
				A548C0DF0F985F05005B1227 /* 31.png in Resources */,
				A548C0E00F985F05005B1227 /* 32.png in Resources */,
				A548C0F20F9862D9005B1227 /* 40.png in Resources */,
				A548C0F30F9862D9005B1227 /* 42.png in Resources */,
				A548C0F40F9862D9005B1227 /* 43.png in Resources */,
				A548C0F50F9862D9005B1227 /* 44.png in Resources */,
				A548C0F60F9862D9005B1227 /* 41.png in Resources */,
				A548C1650F986585005B1227 /* Number5.png in Resources */,
				A548C1B80F988650005B1227 /* 20.level in Resources */,
				A581A1D90F989C3300CA0316 /* Entitlements.plist in Resources */,
				A581A4440F9B633700CA0316 /* 21.level in Resources */,
				A581A4670F9B858600CA0316 /* 22.level in Resources */,
				A581A4910F9B887300CA0316 /* 23.level in Resources */,
				A581A4A40F9B8E7B00CA0316 /* 24.level in Resources */,
				A581A4C60F9B94D700CA0316 /* 25.level in Resources */,
				A581A4E40F9C479300CA0316 /* 26.level in Resources */,
				A581A4FC0F9C527700CA0316 /* 27.level in Resources */,
				A581A5040F9C5E6F00CA0316 /* 28.level in Resources */,
				A50FDBB50FA43BE9002F3F96 /* 29.level in Resources */,
				A50FDBF80FA46AD2002F3F96 /* 30.level in Resources */,
				A585E10811ACE86F00B06CB6 /* SoundOn.png in Resources */,
				A585E11311ACE99700B06CB6 /* Refresh.png in Resources */,
				A585E13111ACEAA000B06CB6 /* SoundOff.png in Resources */,
			);
			runOnlyForDeploymentPostprocessing = 0;
		};
/* End PBXResourcesBuildPhase section */

/* Begin PBXSourcesBuildPhase section */
		1D60588E0D05DD3D006BFB54 /* Sources */ = {
			isa = PBXSourcesBuildPhase;
			buildActionMask = 2147483647;
			files = (
				1D60589B0D05DD56006BFB54 /* main.m in Sources */,
				1D3623260D0F684500981E51 /* MoveAppDelegate.m in Sources */,
				A5A8B98A0F8F28B60010DAF5 /* MainController.m in Sources */,
				A5A8B9BE0F8F342D0010DAF5 /* Box.m in Sources */,
				A5A8B9CE0F8F376B0010DAF5 /* Item.m in Sources */,
				A5A8BAFB0F8F4F240010DAF5 /* Cell.m in Sources */,
				A5A8BBA60F8F730D0010DAF5 /* MovingCell.m in Sources */,
				A55978820F90D3BF000335AA /* SoundEffect.m in Sources */,
				A5597C090F923EAC000335AA /* GameController.m in Sources */,
			);
			runOnlyForDeploymentPostprocessing = 0;
		};
/* End PBXSourcesBuildPhase section */

/* Begin XCBuildConfiguration section */
		1D6058940D05DD3E006BFB54 /* Debug */ = {
			isa = XCBuildConfiguration;
			buildSettings = {
				ALWAYS_SEARCH_USER_PATHS = NO;
				COPY_PHASE_STRIP = NO;
				GCC_DYNAMIC_NO_PIC = NO;
				GCC_OPTIMIZATION_LEVEL = 0;
				GCC_PRECOMPILE_PREFIX_HEADER = YES;
				GCC_PREFIX_HEADER = Move_Prefix.pch;
				INFOPLIST_FILE = Info.plist;
				PRODUCT_NAME = Move;
			};
			name = Debug;
		};
		1D6058950D05DD3E006BFB54 /* Release */ = {
			isa = XCBuildConfiguration;
			buildSettings = {
				ALWAYS_SEARCH_USER_PATHS = NO;
				COPY_PHASE_STRIP = YES;
				GCC_PRECOMPILE_PREFIX_HEADER = YES;
				GCC_PREFIX_HEADER = Move_Prefix.pch;
				INFOPLIST_FILE = Info.plist;
				PRODUCT_NAME = Move;
			};
			name = Release;
		};
		A581A1D50F989C0400CA0316 /* Distribution */ = {
			isa = XCBuildConfiguration;
			buildSettings = {
				ARCHS = "$(ARCHS_STANDARD_32_BIT)";
				CODE_SIGN_ENTITLEMENTS = Entitlements.plist;
				"CODE_SIGN_IDENTITY[sdk=iphoneos*]" = "iPhone Developer: Sergey Lenkov (Z82LX6M762)";
				GCC_C_LANGUAGE_STANDARD = c99;
				GCC_WARN_ABOUT_RETURN_TYPE = YES;
				GCC_WARN_UNUSED_VARIABLE = YES;
				PREBINDING = NO;
				"PROVISIONING_PROFILE[sdk=iphoneos*]" = "336A7B94-21B3-4879-B6F0-87DA0DCF2A35";
				SDKROOT = iphoneos;
			};
			name = Distribution;
		};
		A581A1D60F989C0400CA0316 /* Distribution */ = {
			isa = XCBuildConfiguration;
			buildSettings = {
				ALWAYS_SEARCH_USER_PATHS = NO;
				COPY_PHASE_STRIP = YES;
				GCC_PRECOMPILE_PREFIX_HEADER = YES;
				GCC_PREFIX_HEADER = Move_Prefix.pch;
				INFOPLIST_FILE = Info.plist;
				PRODUCT_NAME = Move;
			};
			name = Distribution;
		};
		C01FCF4F08A954540054247B /* Debug */ = {
			isa = XCBuildConfiguration;
			buildSettings = {
				ARCHS = "$(ARCHS_STANDARD_32_BIT)";
				CODE_SIGN_ENTITLEMENTS = "";
				CODE_SIGN_IDENTITY = "iPhone Developer: Sergey Lenkov (Z82LX6M762)";
				"CODE_SIGN_IDENTITY[sdk=iphoneos*]" = "iPhone Developer";
				GCC_C_LANGUAGE_STANDARD = c99;
				GCC_WARN_ABOUT_RETURN_TYPE = YES;
				GCC_WARN_UNUSED_VARIABLE = YES;
				IPHONEOS_DEPLOYMENT_TARGET = 3.0;
				ONLY_ACTIVE_ARCH = YES;
				PREBINDING = NO;
				PROVISIONING_PROFILE = "BE5EAE04-CF5C-470E-BD97-B2385C7714F0";
				"PROVISIONING_PROFILE[sdk=iphoneos*]" = "";
				SDKROOT = iphoneos;
			};
			name = Debug;
		};
		C01FCF5008A954540054247B /* Release */ = {
			isa = XCBuildConfiguration;
			buildSettings = {
				ARCHS = "$(ARCHS_STANDARD_32_BIT)";
				"CODE_SIGN_IDENTITY[sdk=iphoneos*]" = "iPhone Developer: Sergey Lenkov (Z82LX6M762)";
				GCC_C_LANGUAGE_STANDARD = c99;
				GCC_WARN_ABOUT_RETURN_TYPE = YES;
				GCC_WARN_UNUSED_VARIABLE = YES;
				PREBINDING = NO;
				"PROVISIONING_PROFILE[sdk=iphoneos*]" = "336A7B94-21B3-4879-B6F0-87DA0DCF2A35";
				SDKROOT = iphoneos4.3;
			};
			name = Release;
		};
/* End XCBuildConfiguration section */

/* Begin XCConfigurationList section */
		1D6058960D05DD3E006BFB54 /* Build configuration list for PBXNativeTarget "Move" */ = {
			isa = XCConfigurationList;
			buildConfigurations = (
				1D6058940D05DD3E006BFB54 /* Debug */,
				1D6058950D05DD3E006BFB54 /* Release */,
				A581A1D60F989C0400CA0316 /* Distribution */,
			);
			defaultConfigurationIsVisible = 0;
			defaultConfigurationName = Release;
		};
		C01FCF4E08A954540054247B /* Build configuration list for PBXProject "Move" */ = {
			isa = XCConfigurationList;
			buildConfigurations = (
				C01FCF4F08A954540054247B /* Debug */,
				C01FCF5008A954540054247B /* Release */,
				A581A1D50F989C0400CA0316 /* Distribution */,
			);
			defaultConfigurationIsVisible = 0;
			defaultConfigurationName = Release;
		};
/* End XCConfigurationList section */
	};
	rootObject = 29B97313FDCFA39411CA2CEA /* Project object */;
}
